
Microsoft Visual Studio Solution File, Format Version 12.00
# Visual Studio Version 16
VisualStudioVersion = 16.0.31005.135
MinimumVisualStudioVersion = 10.0.40219.1
Project("{FAE04EC0-301F-11D3-BF4B-00C04F79EFBC}") = "LoginAppApi", "LoginAppApi\LoginAppApi.csproj", "{BA4E9443-D3B3-4698-877E-699AE967DCA4}"
EndProject
Global
	GlobalSection(SolutionConfigurationPlatforms) = preSolution
		Debug|Any CPU = Debug|Any CPU
		Release|Any CPU = Release|Any CPU
	EndGlobalSection
	GlobalSection(ProjectConfigurationPlatforms) = postSolution
		{BA4E9443-D3B3-4698-877E-699AE967DCA4}.Debug|Any CPU.ActiveCfg = Debug|Any CPU
		{BA4E9443-D3B3-4698-877E-699AE967DCA4}.Debug|Any CPU.Build.0 = Debug|Any CPU
		{BA4E9443-D3B3-4698-877E-699AE967DCA4}.Release|Any CPU.ActiveCfg = Release|Any CPU
		{BA4E9443-D3B3-4698-877E-699AE967DCA4}.Release|Any CPU.Build.0 = Release|Any CPU
	EndGlobalSection
	GlobalSection(SolutionProperties) = preSolution
		HideSolutionNode = FALSE
	EndGlobalSection
	GlobalSection(ExtensibilityGlobals) = postSolution
		SolutionGuid = {C0CC9691-7B8C-4FE8-9463-DB9EBDD44A64}
	EndGlobalSection
EndGlobal
